
Microsoft Visual Studio Solution File, Format Version 12.00
# Visual Studio Version 16
VisualStudioVersion = 16.0.30011.22
MinimumVisualStudioVersion = 10.0.40219.1
Project("{9A19103F-16F7-4668-BE54-9A1E7A4F7556}") = "LinksChecker", "LinksChecker\LinksChecker.csproj", "{B4FED549-DACC-4AD5-AD18-4A208E5D35F5}"
EndProject
Global
	GlobalSection(SolutionConfigurationPlatforms) = preSolution
		Debug|Any CPU = Debug|Any CPU
		Release|Any CPU = Release|Any CPU
	EndGlobalSection
	GlobalSection(ProjectConfigurationPlatforms) = postSolution
		{B4FED549-DACC-4AD5-AD18-4A208E5D35F5}.Debug|Any CPU.ActiveCfg = Debug|Any CPU
		{B4FED549-DACC-4AD5-AD18-4A208E5D35F5}.Debug|Any CPU.Build.0 = Debug|Any CPU
		{B4FED549-DACC-4AD5-AD18-4A208E5D35F5}.Release|Any CPU.ActiveCfg = Release|Any CPU
		{B4FED549-DACC-4AD5-AD18-4A208E5D35F5}.Release|Any CPU.Build.0 = Release|Any CPU
	EndGlobalSection
	GlobalSection(SolutionProperties) = preSolution
		HideSolutionNode = FALSE
	EndGlobalSection
	GlobalSection(ExtensibilityGlobals) = postSolution
		SolutionGuid = {C6546AB4-8AC2-47F5-B008-012BFEF5C959}
	EndGlobalSection
EndGlobal
